
Microsoft Visual Studio Solution File, Format Version 12.00
# Visual Studio Version 16
VisualStudioVersion = 16.0.33927.289
MinimumVisualStudioVersion = 10.0.40219.1
Project("{2150E333-8FDC-42A3-9474-1A3956D46DE8}") = "Task0", "Task0", "{A0CF6612-389D-422B-B977-6F1B0CE412E3}"
EndProject
Project("{FAE04EC0-301F-11D3-BF4B-00C04F79EFBC}") = "Tyuiu.ElizarovKI.Sprint1.Task0.V16.Lib", "Tyuiu.ElizarovKI.Sprint1.Task0.V16.Lib\Tyuiu.ElizarovKI.Sprint1.Task0.V16.Lib.csproj", "{A7EE07DD-6404-43C1-A725-838CB852E353}"
EndProject
Project("{FAE04EC0-301F-11D3-BF4B-00C04F79EFBC}") = "Tyuiu.ElizarovKI.Sprint1.Task0.V16.Test", "Tyuiu.ElizarovKI.Sprint1.Task0.V16.Test\Tyuiu.ElizarovKI.Sprint1.Task0.V16.Test.csproj", "{16B4D50B-B429-4F9B-96EC-5B36F8C0FAB2}"
EndProject
Project("{FAE04EC0-301F-11D3-BF4B-00C04F79EFBC}") = "Tyuiu.ElizarovKI.Sprint1.Task0.V16", "Tyuiu.ElizarovKI.Sprint1.Task0.V16\Tyuiu.ElizarovKI.Sprint1.Task0.V16.csproj", "{0AC3DC81-BE3C-457B-8875-EE2D68107DA4}"
EndProject
Project("{2150E333-8FDC-42A3-9474-1A3956D46DE8}") = "Task1", "Task1", "{6744F58C-C9E4-43BE-A08B-6AD96CB3C981}"
EndProject
Project("{FAE04EC0-301F-11D3-BF4B-00C04F79EFBC}") = "Tyuiu.ElizarovKI.Sprint1.Task1.V5", "Tyuiu.ElizarovKI.Sprint1.Task1.V5\Tyuiu.ElizarovKI.Sprint1.Task1.V5.csproj", "{A44D7D6E-1D2C-48CC-A287-3B006E809BED}"
EndProject
Project("{FAE04EC0-301F-11D3-BF4B-00C04F79EFBC}") = "Tyuiu.ElizarovKI.Sprint1.Task1.V5.Test", "Tyuiu.ElizarovKI.Sprint1.Task1.V5.Test\Tyuiu.ElizarovKI.Sprint1.Task1.V5.Test.csproj", "{6CD0C450-DE95-4980-8C9C-02E78BABC2A6}"
EndProject
Project("{FAE04EC0-301F-11D3-BF4B-00C04F79EFBC}") = "Tyuiu.ElizarovKI.Sprint1.Task1.V5.Lib", "Tyuiu.ElizarovKI.Sprint1.Task1.V5.Lib\Tyuiu.ElizarovKI.Sprint1.Task1.V5.Lib.csproj", "{BC1FB009-6C05-4107-803F-F96D18459061}"
EndProject
Global
	GlobalSection(SolutionConfigurationPlatforms) = preSolution
		Debug|Any CPU = Debug|Any CPU
		Release|Any CPU = Release|Any CPU
	EndGlobalSection
	GlobalSection(ProjectConfigurationPlatforms) = postSolution
		{A7EE07DD-6404-43C1-A725-838CB852E353}.Debug|Any CPU.ActiveCfg = Debug|Any CPU
		{A7EE07DD-6404-43C1-A725-838CB852E353}.Debug|Any CPU.Build.0 = Debug|Any CPU
		{A7EE07DD-6404-43C1-A725-838CB852E353}.Release|Any CPU.ActiveCfg = Release|Any CPU
		{A7EE07DD-6404-43C1-A725-838CB852E353}.Release|Any CPU.Build.0 = Release|Any CPU
		{16B4D50B-B429-4F9B-96EC-5B36F8C0FAB2}.Debug|Any CPU.ActiveCfg = Debug|Any CPU
		{16B4D50B-B429-4F9B-96EC-5B36F8C0FAB2}.Debug|Any CPU.Build.0 = Debug|Any CPU
		{16B4D50B-B429-4F9B-96EC-5B36F8C0FAB2}.Release|Any CPU.ActiveCfg = Release|Any CPU
		{16B4D50B-B429-4F9B-96EC-5B36F8C0FAB2}.Release|Any CPU.Build.0 = Release|Any CPU
		{0AC3DC81-BE3C-457B-8875-EE2D68107DA4}.Debug|Any CPU.ActiveCfg = Debug|Any CPU
		{0AC3DC81-BE3C-457B-8875-EE2D68107DA4}.Debug|Any CPU.Build.0 = Debug|Any CPU
		{0AC3DC81-BE3C-457B-8875-EE2D68107DA4}.Release|Any CPU.ActiveCfg = Release|Any CPU
		{0AC3DC81-BE3C-457B-8875-EE2D68107DA4}.Release|Any CPU.Build.0 = Release|Any CPU
		{A44D7D6E-1D2C-48CC-A287-3B006E809BED}.Debug|Any CPU.ActiveCfg = Debug|Any CPU
		{A44D7D6E-1D2C-48CC-A287-3B006E809BED}.Debug|Any CPU.Build.0 = Debug|Any CPU
		{A44D7D6E-1D2C-48CC-A287-3B006E809BED}.Release|Any CPU.ActiveCfg = Release|Any CPU
		{A44D7D6E-1D2C-48CC-A287-3B006E809BED}.Release|Any CPU.Build.0 = Release|Any CPU
		{6CD0C450-DE95-4980-8C9C-02E78BABC2A6}.Debug|Any CPU.ActiveCfg = Debug|Any CPU
		{6CD0C450-DE95-4980-8C9C-02E78BABC2A6}.Debug|Any CPU.Build.0 = Debug|Any CPU
		{6CD0C450-DE95-4980-8C9C-02E78BABC2A6}.Release|Any CPU.ActiveCfg = Release|Any CPU
		{6CD0C450-DE95-4980-8C9C-02E78BABC2A6}.Release|Any CPU.Build.0 = Release|Any CPU
		{BC1FB009-6C05-4107-803F-F96D18459061}.Debug|Any CPU.ActiveCfg = Debug|Any CPU
		{BC1FB009-6C05-4107-803F-F96D18459061}.Debug|Any CPU.Build.0 = Debug|Any CPU
		{BC1FB009-6C05-4107-803F-F96D18459061}.Release|Any CPU.ActiveCfg = Release|Any CPU
		{BC1FB009-6C05-4107-803F-F96D18459061}.Release|Any CPU.Build.0 = Release|Any CPU
	EndGlobalSection
	GlobalSection(SolutionProperties) = preSolution
		HideSolutionNode = FALSE
	EndGlobalSection
	GlobalSection(NestedProjects) = preSolution
		{A7EE07DD-6404-43C1-A725-838CB852E353} = {A0CF6612-389D-422B-B977-6F1B0CE412E3}
		{16B4D50B-B429-4F9B-96EC-5B36F8C0FAB2} = {A0CF6612-389D-422B-B977-6F1B0CE412E3}
		{0AC3DC81-BE3C-457B-8875-EE2D68107DA4} = {A0CF6612-389D-422B-B977-6F1B0CE412E3}
		{A44D7D6E-1D2C-48CC-A287-3B006E809BED} = {6744F58C-C9E4-43BE-A08B-6AD96CB3C981}
		{6CD0C450-DE95-4980-8C9C-02E78BABC2A6} = {6744F58C-C9E4-43BE-A08B-6AD96CB3C981}
		{BC1FB009-6C05-4107-803F-F96D18459061} = {6744F58C-C9E4-43BE-A08B-6AD96CB3C981}
	EndGlobalSection
	GlobalSection(ExtensibilityGlobals) = postSolution
		SolutionGuid = {660C691E-DCD3-47B8-9929-8C732BC609BA}
	EndGlobalSection
EndGlobal
